
Microsoft Visual Studio Solution File, Format Version 12.00
# Visual Studio 15
VisualStudioVersion = 15.0.28010.2050
MinimumVisualStudioVersion = 10.0.40219.1
Project("{FAE04EC0-301F-11D3-BF4B-00C04F79EFBC}") = "ParkingManager.GUI", "ParkingManager.GUI\ParkingManager.GUI.csproj", "{6113CCBB-B22B-48AE-855E-1C5E0B27356E}"
EndProject
Project("{FAE04EC0-301F-11D3-BF4B-00C04F79EFBC}") = "ParkingManager.Data", "ParkingManager.Data\ParkingManager.Data.csproj", "{D3F9302F-FE5C-4EB1-BE0A-82FE4C2E7A26}"
EndProject
Global
	GlobalSection(SolutionConfigurationPlatforms) = preSolution
		Debug|Any CPU = Debug|Any CPU
		Release|Any CPU = Release|Any CPU
	EndGlobalSection
	GlobalSection(ProjectConfigurationPlatforms) = postSolution
		{6113CCBB-B22B-48AE-855E-1C5E0B27356E}.Debug|Any CPU.ActiveCfg = Debug|Any CPU
		{6113CCBB-B22B-48AE-855E-1C5E0B27356E}.Debug|Any CPU.Build.0 = Debug|Any CPU
		{6113CCBB-B22B-48AE-855E-1C5E0B27356E}.Release|Any CPU.ActiveCfg = Release|Any CPU
		{6113CCBB-B22B-48AE-855E-1C5E0B27356E}.Release|Any CPU.Build.0 = Release|Any CPU
		{D3F9302F-FE5C-4EB1-BE0A-82FE4C2E7A26}.Debug|Any CPU.ActiveCfg = Debug|Any CPU
		{D3F9302F-FE5C-4EB1-BE0A-82FE4C2E7A26}.Debug|Any CPU.Build.0 = Debug|Any CPU
		{D3F9302F-FE5C-4EB1-BE0A-82FE4C2E7A26}.Release|Any CPU.ActiveCfg = Release|Any CPU
		{D3F9302F-FE5C-4EB1-BE0A-82FE4C2E7A26}.Release|Any CPU.Build.0 = Release|Any CPU
	EndGlobalSection
	GlobalSection(SolutionProperties) = preSolution
		HideSolutionNode = FALSE
	EndGlobalSection
	GlobalSection(ExtensibilityGlobals) = postSolution
		SolutionGuid = {96B5BEA6-2BE3-4359-A674-82AC99D5A6AB}
	EndGlobalSection
EndGlobal
